
Microsoft Visual Studio Solution File, Format Version 12.00
# Visual Studio 15
VisualStudioVersion = 15.0.27004.2002
MinimumVisualStudioVersion = 10.0.40219.1
Project("{F184B08F-C81C-45F6-A57F-5ABD9991F28F}") = "League App", "League App\League App.vbproj", "{5F8A2A5F-3FC1-451E-8459-6484FE2E4A30}"
EndProject
Global
	GlobalSection(SolutionConfigurationPlatforms) = preSolution
		Debug|Any CPU = Debug|Any CPU
		Release|Any CPU = Release|Any CPU
	EndGlobalSection
	GlobalSection(ProjectConfigurationPlatforms) = postSolution
		{5F8A2A5F-3FC1-451E-8459-6484FE2E4A30}.Debug|Any CPU.ActiveCfg = Debug|Any CPU
		{5F8A2A5F-3FC1-451E-8459-6484FE2E4A30}.Debug|Any CPU.Build.0 = Debug|Any CPU
		{5F8A2A5F-3FC1-451E-8459-6484FE2E4A30}.Release|Any CPU.ActiveCfg = Release|Any CPU
		{5F8A2A5F-3FC1-451E-8459-6484FE2E4A30}.Release|Any CPU.Build.0 = Release|Any CPU
	EndGlobalSection
	GlobalSection(SolutionProperties) = preSolution
		HideSolutionNode = FALSE
	EndGlobalSection
	GlobalSection(ExtensibilityGlobals) = postSolution
		SolutionGuid = {7FDCAC76-4D3F-4E7F-A33A-8C2C82FB4509}
	EndGlobalSection
EndGlobal
